
Microsoft Visual Studio Solution File, Format Version 12.00
# Visual Studio Version 17
VisualStudioVersion = 17.13.35806.99 d17.13
MinimumVisualStudioVersion = 10.0.40219.1
Project("{FAE04EC0-301F-11D3-BF4B-00C04F79EFBC}") = "250319_LeeHyungwon_Project_X", "250319_LeeHyungwon_Project_X\250319_LeeHyungwon_Project_X.csproj", "{ACE96810-999E-49A7-BD02-E30390F3A35F}"
EndProject
Global
	GlobalSection(SolutionConfigurationPlatforms) = preSolution
		Debug|Any CPU = Debug|Any CPU
		Release|Any CPU = Release|Any CPU
	EndGlobalSection
	GlobalSection(ProjectConfigurationPlatforms) = postSolution
		{ACE96810-999E-49A7-BD02-E30390F3A35F}.Debug|Any CPU.ActiveCfg = Debug|Any CPU
		{ACE96810-999E-49A7-BD02-E30390F3A35F}.Debug|Any CPU.Build.0 = Debug|Any CPU
		{ACE96810-999E-49A7-BD02-E30390F3A35F}.Release|Any CPU.ActiveCfg = Release|Any CPU
		{ACE96810-999E-49A7-BD02-E30390F3A35F}.Release|Any CPU.Build.0 = Release|Any CPU
	EndGlobalSection
	GlobalSection(SolutionProperties) = preSolution
		HideSolutionNode = FALSE
	EndGlobalSection
	GlobalSection(ExtensibilityGlobals) = postSolution
		SolutionGuid = {FE2AEDC0-D909-41E4-A829-7075BD8E3DE1}
	EndGlobalSection
EndGlobal
